
Microsoft Visual Studio Solution File, Format Version 12.00
# Visual Studio 15
VisualStudioVersion = 15.0.27703.2047
MinimumVisualStudioVersion = 10.0.40219.1
Project("{FAE04EC0-301F-11D3-BF4B-00C04F79EFBC}") = "HRMInterface", "HRMInterface\HRMInterface.csproj", "{E4C08C2E-F8CA-4086-A242-AA67943088F0}"
EndProject
Global
	GlobalSection(SolutionConfigurationPlatforms) = preSolution
		Debug|Any CPU = Debug|Any CPU
		Release|Any CPU = Release|Any CPU
	EndGlobalSection
	GlobalSection(ProjectConfigurationPlatforms) = postSolution
		{E4C08C2E-F8CA-4086-A242-AA67943088F0}.Debug|Any CPU.ActiveCfg = Debug|Any CPU
		{E4C08C2E-F8CA-4086-A242-AA67943088F0}.Debug|Any CPU.Build.0 = Debug|Any CPU
		{E4C08C2E-F8CA-4086-A242-AA67943088F0}.Release|Any CPU.ActiveCfg = Release|Any CPU
		{E4C08C2E-F8CA-4086-A242-AA67943088F0}.Release|Any CPU.Build.0 = Release|Any CPU
	EndGlobalSection
	GlobalSection(SolutionProperties) = preSolution
		HideSolutionNode = FALSE
	EndGlobalSection
	GlobalSection(ExtensibilityGlobals) = postSolution
		SolutionGuid = {ED426F12-13C8-4B00-B74C-EE0F947652BC}
	EndGlobalSection
EndGlobal
